
Microsoft Visual Studio Solution File, Format Version 12.00
# Visual Studio Version 16
VisualStudioVersion = 16.0.30907.101
MinimumVisualStudioVersion = 10.0.40219.1
Project("{FAE04EC0-301F-11D3-BF4B-00C04F79EFBC}") = "Morse", "Morse\Morse.csproj", "{A6DF1F55-2FF9-4B26-81CD-8869F5FFB637}"
EndProject
Project("{FAE04EC0-301F-11D3-BF4B-00C04F79EFBC}") = "Morse_Translator", "Morse_Translator\Morse_Translator.csproj", "{12E00A1D-C85C-4B2A-90F7-B2D7985FA2EE}"
EndProject
Global
	GlobalSection(SolutionConfigurationPlatforms) = preSolution
		Debug|Any CPU = Debug|Any CPU
		Release|Any CPU = Release|Any CPU
	EndGlobalSection
	GlobalSection(ProjectConfigurationPlatforms) = postSolution
		{A6DF1F55-2FF9-4B26-81CD-8869F5FFB637}.Debug|Any CPU.ActiveCfg = Debug|Any CPU
		{A6DF1F55-2FF9-4B26-81CD-8869F5FFB637}.Debug|Any CPU.Build.0 = Debug|Any CPU
		{A6DF1F55-2FF9-4B26-81CD-8869F5FFB637}.Release|Any CPU.ActiveCfg = Release|Any CPU
		{A6DF1F55-2FF9-4B26-81CD-8869F5FFB637}.Release|Any CPU.Build.0 = Release|Any CPU
		{12E00A1D-C85C-4B2A-90F7-B2D7985FA2EE}.Debug|Any CPU.ActiveCfg = Debug|Any CPU
		{12E00A1D-C85C-4B2A-90F7-B2D7985FA2EE}.Debug|Any CPU.Build.0 = Debug|Any CPU
		{12E00A1D-C85C-4B2A-90F7-B2D7985FA2EE}.Release|Any CPU.ActiveCfg = Release|Any CPU
		{12E00A1D-C85C-4B2A-90F7-B2D7985FA2EE}.Release|Any CPU.Build.0 = Release|Any CPU
	EndGlobalSection
	GlobalSection(SolutionProperties) = preSolution
		HideSolutionNode = FALSE
	EndGlobalSection
	GlobalSection(ExtensibilityGlobals) = postSolution
		SolutionGuid = {F22911CD-DA1B-49AE-A989-E093135B4E64}
	EndGlobalSection
EndGlobal
